// !$*UTF8*$!
{
	archiveVersion = 1;
	classes = {
	};
	objectVersion = 50;
	objects = {

/* Begin PBXBuildFile section */
		2C2D2AC125B77C0D0051FD27 /* AppDelegate.swift in Sources */ = {isa = PBXBuildFile; fileRef = 2C2D2AC025B77C0D0051FD27 /* AppDelegate.swift */; };
		2C2D2AC825B77C0D0051FD27 /* Main.storyboard in Resources */ = {isa = PBXBuildFile; fileRef = 2C2D2AC625B77C0D0051FD27 /* Main.storyboard */; };
		2C2D2ACA25B77C100051FD27 /* Assets.xcassets in Resources */ = {isa = PBXBuildFile; fileRef = 2C2D2AC925B77C100051FD27 /* Assets.xcassets */; };
		2C2D2ACD25B77C100051FD27 /* LaunchScreen.storyboard in Resources */ = {isa = PBXBuildFile; fileRef = 2C2D2ACB25B77C100051FD27 /* LaunchScreen.storyboard */; };
		2C2D2ADA25B77E210051FD27 /* AppsViewController.swift in Sources */ = {isa = PBXBuildFile; fileRef = 2C2D2AD925B77E210051FD27 /* AppsViewController.swift */; };
		2C2D2ADD25B77ED00051FD27 /* appstore.json in Resources */ = {isa = PBXBuildFile; fileRef = 2C2D2ADC25B77ED00051FD27 /* appstore.json */; };
		2C2D2AE325B7AAF50051FD27 /* Section.swift in Sources */ = {isa = PBXBuildFile; fileRef = 2C2D2AE225B7AAF50051FD27 /* Section.swift */; };
/* End PBXBuildFile section */

/* Begin PBXFileReference section */
		2C2D2ABD25B77C0D0051FD27 /* MockStore.app */ = {isa = PBXFileReference; explicitFileType = wrapper.application; includeInIndex = 0; path = MockStore.app; sourceTree = BUILT_PRODUCTS_DIR; };
		2C2D2AC025B77C0D0051FD27 /* AppDelegate.swift */ = {isa = PBXFileReference; lastKnownFileType = sourcecode.swift; path = AppDelegate.swift; sourceTree = "<group>"; };
		2C2D2AC725B77C0D0051FD27 /* Base */ = {isa = PBXFileReference; lastKnownFileType = file.storyboard; name = Base; path = Base.lproj/Main.storyboard; sourceTree = "<group>"; };
		2C2D2AC925B77C100051FD27 /* Assets.xcassets */ = {isa = PBXFileReference; lastKnownFileType = folder.assetcatalog; path = Assets.xcassets; sourceTree = "<group>"; };
		2C2D2ACC25B77C100051FD27 /* Base */ = {isa = PBXFileReference; lastKnownFileType = file.storyboard; name = Base; path = Base.lproj/LaunchScreen.storyboard; sourceTree = "<group>"; };
		2C2D2ACE25B77C100051FD27 /* Info.plist */ = {isa = PBXFileReference; lastKnownFileType = text.plist.xml; path = Info.plist; sourceTree = "<group>"; };
		2C2D2AD925B77E210051FD27 /* AppsViewController.swift */ = {isa = PBXFileReference; lastKnownFileType = sourcecode.swift; path = AppsViewController.swift; sourceTree = "<group>"; };
		2C2D2ADC25B77ED00051FD27 /* appstore.json */ = {isa = PBXFileReference; fileEncoding = 4; lastKnownFileType = text.json; path = appstore.json; sourceTree = "<group>"; };
		2C2D2AE225B7AAF50051FD27 /* Section.swift */ = {isa = PBXFileReference; lastKnownFileType = sourcecode.swift; path = Section.swift; sourceTree = "<group>"; };
/* End PBXFileReference section */

/* Begin PBXFrameworksBuildPhase section */
		2C2D2ABA25B77C0D0051FD27 /* Frameworks */ = {
			isa = PBXFrameworksBuildPhase;
			buildActionMask = 2147483647;
			files = (
			);
			runOnlyForDeploymentPostprocessing = 0;
		};
/* End PBXFrameworksBuildPhase section */

/* Begin PBXGroup section */
		2C2D2AB425B77C0C0051FD27 = {
			isa = PBXGroup;
			children = (
				2C2D2ABF25B77C0D0051FD27 /* MockStore */,
				2C2D2ABE25B77C0D0051FD27 /* Products */,
			);
			sourceTree = "<group>";
		};
		2C2D2ABE25B77C0D0051FD27 /* Products */ = {
			isa = PBXGroup;
			children = (
				2C2D2ABD25B77C0D0051FD27 /* MockStore.app */,
			);
			name = Products;
			sourceTree = "<group>";
		};
		2C2D2ABF25B77C0D0051FD27 /* MockStore */ = {
			isa = PBXGroup;
			children = (
				2C2D2AE125B7AAC90051FD27 /* Models */,
				2C2D2AD825B77E160051FD27 /* Controllers */,
				2C2D2AD625B77C360051FD27 /* Supporting Files */,
				2C2D2AD525B77C2F0051FD27 /* Storyboards */,
				2C2D2AC025B77C0D0051FD27 /* AppDelegate.swift */,
			);
			path = MockStore;
			sourceTree = "<group>";
		};
		2C2D2AD525B77C2F0051FD27 /* Storyboards */ = {
			isa = PBXGroup;
			children = (
				2C2D2AC625B77C0D0051FD27 /* Main.storyboard */,
				2C2D2ACB25B77C100051FD27 /* LaunchScreen.storyboard */,
			);
			name = Storyboards;
			sourceTree = "<group>";
		};
		2C2D2AD625B77C360051FD27 /* Supporting Files */ = {
			isa = PBXGroup;
			children = (
				2C2D2AC925B77C100051FD27 /* Assets.xcassets */,
				2C2D2ACE25B77C100051FD27 /* Info.plist */,
				2C2D2ADC25B77ED00051FD27 /* appstore.json */,
			);
			name = "Supporting Files";
			sourceTree = "<group>";
		};
		2C2D2AD825B77E160051FD27 /* Controllers */ = {
			isa = PBXGroup;
			children = (
				2C2D2AD925B77E210051FD27 /* AppsViewController.swift */,
			);
			path = Controllers;
			sourceTree = "<group>";
		};
		2C2D2AE125B7AAC90051FD27 /* Models */ = {
			isa = PBXGroup;
			children = (
				2C2D2AE225B7AAF50051FD27 /* Section.swift */,
			);
			path = Models;
			sourceTree = "<group>";
		};
/* End PBXGroup section */

/* Begin PBXNativeTarget section */
		2C2D2ABC25B77C0D0051FD27 /* MockStore */ = {
			isa = PBXNativeTarget;
			buildConfigurationList = 2C2D2AD125B77C100051FD27 /* Build configuration list for PBXNativeTarget "MockStore" */;
			buildPhases = (
				2C2D2AB925B77C0D0051FD27 /* Sources */,
				2C2D2ABA25B77C0D0051FD27 /* Frameworks */,
				2C2D2ABB25B77C0D0051FD27 /* Resources */,
			);
			buildRules = (
			);
			dependencies = (
			);
			name = MockStore;
			productName = MockStore;
			productReference = 2C2D2ABD25B77C0D0051FD27 /* MockStore.app */;
			productType = "com.apple.product-type.application";
		};
/* End PBXNativeTarget section */

/* Begin PBXProject section */
		2C2D2AB525B77C0C0051FD27 /* Project object */ = {
			isa = PBXProject;
			attributes = {
				LastSwiftUpdateCheck = 1200;
				LastUpgradeCheck = 1200;
				TargetAttributes = {
					2C2D2ABC25B77C0D0051FD27 = {
						CreatedOnToolsVersion = 12.0.1;
					};
				};
			};
			buildConfigurationList = 2C2D2AB825B77C0C0051FD27 /* Build configuration list for PBXProject "MockStore" */;
			compatibilityVersion = "Xcode 9.3";
			developmentRegion = en;
			hasScannedForEncodings = 0;
			knownRegions = (
				en,
				Base,
			);
			mainGroup = 2C2D2AB425B77C0C0051FD27;
			productRefGroup = 2C2D2ABE25B77C0D0051FD27 /* Products */;
			projectDirPath = "";
			projectRoot = "";
			targets = (
				2C2D2ABC25B77C0D0051FD27 /* MockStore */,
			);
		};
/* End PBXProject section */

/* Begin PBXResourcesBuildPhase section */
		2C2D2ABB25B77C0D0051FD27 /* Resources */ = {
			isa = PBXResourcesBuildPhase;
			buildActionMask = 2147483647;
			files = (
				2C2D2ACD25B77C100051FD27 /* LaunchScreen.storyboard in Resources */,
				2C2D2ACA25B77C100051FD27 /* Assets.xcassets in Resources */,
				2C2D2AC825B77C0D0051FD27 /* Main.storyboard in Resources */,
				2C2D2ADD25B77ED00051FD27 /* appstore.json in Resources */,
			);
			runOnlyForDeploymentPostprocessing = 0;
		};
/* End PBXResourcesBuildPhase section */

/* Begin PBXSourcesBuildPhase section */
		2C2D2AB925B77C0D0051FD27 /* Sources */ = {
			isa = PBXSourcesBuildPhase;
			buildActionMask = 2147483647;
			files = (
				2C2D2AE325B7AAF50051FD27 /* Section.swift in Sources */,
				2C2D2ADA25B77E210051FD27 /* AppsViewController.swift in Sources */,
				2C2D2AC125B77C0D0051FD27 /* AppDelegate.swift in Sources */,
			);
			runOnlyForDeploymentPostprocessing = 0;
		};
/* End PBXSourcesBuildPhase section */

/* Begin PBXVariantGroup section */
		2C2D2AC625B77C0D0051FD27 /* Main.storyboard */ = {
			isa = PBXVariantGroup;
			children = (
				2C2D2AC725B77C0D0051FD27 /* Base */,
			);
			name = Main.storyboard;
			sourceTree = "<group>";
		};
		2C2D2ACB25B77C100051FD27 /* LaunchScreen.storyboard */ = {
			isa = PBXVariantGroup;
			children = (
				2C2D2ACC25B77C100051FD27 /* Base */,
			);
			name = LaunchScreen.storyboard;
			sourceTree = "<group>";
		};
/* End PBXVariantGroup section */

/* Begin XCBuildConfiguration section */
		2C2D2ACF25B77C100051FD27 /* Debug */ = {
			isa = XCBuildConfiguration;
			buildSettings = {
				ALWAYS_SEARCH_USER_PATHS = NO;
				CLANG_ANALYZER_NONNULL = YES;
				CLANG_ANALYZER_NUMBER_OBJECT_CONVERSION = YES_AGGRESSIVE;
				CLANG_CXX_LANGUAGE_STANDARD = "gnu++14";
				CLANG_CXX_LIBRARY = "libc++";
				CLANG_ENABLE_MODULES = YES;
				CLANG_ENABLE_OBJC_ARC = YES;
				CLANG_ENABLE_OBJC_WEAK = YES;
				CLANG_WARN_BLOCK_CAPTURE_AUTORELEASING = YES;
				CLANG_WARN_BOOL_CONVERSION = YES;
				CLANG_WARN_COMMA = YES;
				CLANG_WARN_CONSTANT_CONVERSION = YES;
				CLANG_WARN_DEPRECATED_OBJC_IMPLEMENTATIONS = YES;
				CLANG_WARN_DIRECT_OBJC_ISA_USAGE = YES_ERROR;
				CLANG_WARN_DOCUMENTATION_COMMENTS = YES;
				CLANG_WARN_EMPTY_BODY = YES;
				CLANG_WARN_ENUM_CONVERSION = YES;
				CLANG_WARN_INFINITE_RECURSION = YES;
				CLANG_WARN_INT_CONVERSION = YES;
				CLANG_WARN_NON_LITERAL_NULL_CONVERSION = YES;
				CLANG_WARN_OBJC_IMPLICIT_RETAIN_SELF = YES;
				CLANG_WARN_OBJC_LITERAL_CONVERSION = YES;
				CLANG_WARN_OBJC_ROOT_CLASS = YES_ERROR;
				CLANG_WARN_QUOTED_INCLUDE_IN_FRAMEWORK_HEADER = YES;
				CLANG_WARN_RANGE_LOOP_ANALYSIS = YES;
				CLANG_WARN_STRICT_PROTOTYPES = YES;
				CLANG_WARN_SUSPICIOUS_MOVE = YES;
				CLANG_WARN_UNGUARDED_AVAILABILITY = YES_AGGRESSIVE;
				CLANG_WARN_UNREACHABLE_CODE = YES;
				CLANG_WARN__DUPLICATE_METHOD_MATCH = YES;
				COPY_PHASE_STRIP = NO;
				DEBUG_INFORMATION_FORMAT = dwarf;
				ENABLE_STRICT_OBJC_MSGSEND = YES;
				ENABLE_TESTABILITY = YES;
				GCC_C_LANGUAGE_STANDARD = gnu11;
				GCC_DYNAMIC_NO_PIC = NO;
				GCC_NO_COMMON_BLOCKS = YES;
				GCC_OPTIMIZATION_LEVEL = 0;
				GCC_PREPROCESSOR_DEFINITIONS = (
					"DEBUG=1",
					"$(inherited)",
				);
				GCC_WARN_64_TO_32_BIT_CONVERSION = YES;
				GCC_WARN_ABOUT_RETURN_TYPE = YES_ERROR;
				GCC_WARN_UNDECLARED_SELECTOR = YES;
				GCC_WARN_UNINITIALIZED_AUTOS = YES_AGGRESSIVE;
				GCC_WARN_UNUSED_FUNCTION = YES;
				GCC_WARN_UNUSED_VARIABLE = YES;
				IPHONEOS_DEPLOYMENT_TARGET = 14.0;
				MTL_ENABLE_DEBUG_INFO = INCLUDE_SOURCE;
				MTL_FAST_MATH = YES;
				ONLY_ACTIVE_ARCH = YES;
				SDKROOT = iphoneos;
				SWIFT_ACTIVE_COMPILATION_CONDITIONS = DEBUG;
				SWIFT_OPTIMIZATION_LEVEL = "-Onone";
			};
			name = Debug;
		};
		2C2D2AD025B77C100051FD27 /* Release */ = {
			isa = XCBuildConfiguration;
			buildSettings = {
				ALWAYS_SEARCH_USER_PATHS = NO;
				CLANG_ANALYZER_NONNULL = YES;
				CLANG_ANALYZER_NUMBER_OBJECT_CONVERSION = YES_AGGRESSIVE;
				CLANG_CXX_LANGUAGE_STANDARD = "gnu++14";
				CLANG_CXX_LIBRARY = "libc++";
				CLANG_ENABLE_MODULES = YES;
				CLANG_ENABLE_OBJC_ARC = YES;
				CLANG_ENABLE_OBJC_WEAK = YES;
				CLANG_WARN_BLOCK_CAPTURE_AUTORELEASING = YES;
				CLANG_WARN_BOOL_CONVERSION = YES;
				CLANG_WARN_COMMA = YES;
				CLANG_WARN_CONSTANT_CONVERSION = YES;
				CLANG_WARN_DEPRECATED_OBJC_IMPLEMENTATIONS = YES;
				CLANG_WARN_DIRECT_OBJC_ISA_USAGE = YES_ERROR;
				CLANG_WARN_DOCUMENTATION_COMMENTS = YES;
				CLANG_WARN_EMPTY_BODY = YES;
				CLANG_WARN_ENUM_CONVERSION = YES;
				CLANG_WARN_INFINITE_RECURSION = YES;
				CLANG_WARN_INT_CONVERSION = YES;
				CLANG_WARN_NON_LITERAL_NULL_CONVERSION = YES;
				CLANG_WARN_OBJC_IMPLICIT_RETAIN_SELF = YES;
				CLANG_WARN_OBJC_LITERAL_CONVERSION = YES;
				CLANG_WARN_OBJC_ROOT_CLASS = YES_ERROR;
				CLANG_WARN_QUOTED_INCLUDE_IN_FRAMEWORK_HEADER = YES;
				CLANG_WARN_RANGE_LOOP_ANALYSIS = YES;
				CLANG_WARN_STRICT_PROTOTYPES = YES;
				CLANG_WARN_SUSPICIOUS_MOVE = YES;
				CLANG_WARN_UNGUARDED_AVAILABILITY = YES_AGGRESSIVE;
				CLANG_WARN_UNREACHABLE_CODE = YES;
				CLANG_WARN__DUPLICATE_METHOD_MATCH = YES;
				COPY_PHASE_STRIP = NO;
				DEBUG_INFORMATION_FORMAT = "dwarf-with-dsym";
				ENABLE_NS_ASSERTIONS = NO;
				ENABLE_STRICT_OBJC_MSGSEND = YES;
				GCC_C_LANGUAGE_STANDARD = gnu11;
				GCC_NO_COMMON_BLOCKS = YES;
				GCC_WARN_64_TO_32_BIT_CONVERSION = YES;
				GCC_WARN_ABOUT_RETURN_TYPE = YES_ERROR;
				GCC_WARN_UNDECLARED_SELECTOR = YES;
				GCC_WARN_UNINITIALIZED_AUTOS = YES_AGGRESSIVE;
				GCC_WARN_UNUSED_FUNCTION = YES;
				GCC_WARN_UNUSED_VARIABLE = YES;
				IPHONEOS_DEPLOYMENT_TARGET = 14.0;
				MTL_ENABLE_DEBUG_INFO = NO;
				MTL_FAST_MATH = YES;
				SDKROOT = iphoneos;
				SWIFT_COMPILATION_MODE = wholemodule;
				SWIFT_OPTIMIZATION_LEVEL = "-O";
				VALIDATE_PRODUCT = YES;
			};
			name = Release;
		};
		2C2D2AD225B77C100051FD27 /* Debug */ = {
			isa = XCBuildConfiguration;
			buildSettings = {
				ASSETCATALOG_COMPILER_APPICON_NAME = AppIcon;
				ASSETCATALOG_COMPILER_GLOBAL_ACCENT_COLOR_NAME = AccentColor;
				CODE_SIGN_STYLE = Automatic;
				DEVELOPMENT_TEAM = 7TX7D7Z677;
				INFOPLIST_FILE = MockStore/Info.plist;
				LD_RUNPATH_SEARCH_PATHS = (
					"$(inherited)",
					"@executable_path/Frameworks",
				);
				PRODUCT_BUNDLE_IDENTIFIER = mkKreations.MockStore;
				PRODUCT_NAME = "$(TARGET_NAME)";
				SWIFT_VERSION = 5.0;
				TARGETED_DEVICE_FAMILY = "1,2";
			};
			name = Debug;
		};
		2C2D2AD325B77C100051FD27 /* Release */ = {
			isa = XCBuildConfiguration;
			buildSettings = {
				ASSETCATALOG_COMPILER_APPICON_NAME = AppIcon;
				ASSETCATALOG_COMPILER_GLOBAL_ACCENT_COLOR_NAME = AccentColor;
				CODE_SIGN_STYLE = Automatic;
				DEVELOPMENT_TEAM = 7TX7D7Z677;
				INFOPLIST_FILE = MockStore/Info.plist;
				LD_RUNPATH_SEARCH_PATHS = (
					"$(inherited)",
					"@executable_path/Frameworks",
				);
				PRODUCT_BUNDLE_IDENTIFIER = mkKreations.MockStore;
				PRODUCT_NAME = "$(TARGET_NAME)";
				SWIFT_VERSION = 5.0;
				TARGETED_DEVICE_FAMILY = "1,2";
			};
			name = Release;
		};
/* End XCBuildConfiguration section */

/* Begin XCConfigurationList section */
		2C2D2AB825B77C0C0051FD27 /* Build configuration list for PBXProject "MockStore" */ = {
			isa = XCConfigurationList;
			buildConfigurations = (
				2C2D2ACF25B77C100051FD27 /* Debug */,
				2C2D2AD025B77C100051FD27 /* Release */,
			);
			defaultConfigurationIsVisible = 0;
			defaultConfigurationName = Release;
		};
		2C2D2AD125B77C100051FD27 /* Build configuration list for PBXNativeTarget "MockStore" */ = {
			isa = XCConfigurationList;
			buildConfigurations = (
				2C2D2AD225B77C100051FD27 /* Debug */,
				2C2D2AD325B77C100051FD27 /* Release */,
			);
			defaultConfigurationIsVisible = 0;
			defaultConfigurationName = Release;
		};
/* End XCConfigurationList section */
	};
	rootObject = 2C2D2AB525B77C0C0051FD27 /* Project object */;
}
